
Microsoft Visual Studio Solution File, Format Version 12.00
# Visual Studio Version 17
VisualStudioVersion = 17.11.35327.3
MinimumVisualStudioVersion = 10.0.40219.1
Project("{FAE04EC0-301F-11D3-BF4B-00C04F79EFBC}") = "MohammadAminHojabran_GameProgramming1_CarClass_20241111", "MohammadAminHojabran_GameProgramming1_CarClass_20241111\MohammadAminHojabran_GameProgramming1_CarClass_20241111.csproj", "{A1E048EB-EC04-4497-A904-116829DD9B34}"
EndProject
Global
	GlobalSection(SolutionConfigurationPlatforms) = preSolution
		Debug|Any CPU = Debug|Any CPU
		Release|Any CPU = Release|Any CPU
	EndGlobalSection
	GlobalSection(ProjectConfigurationPlatforms) = postSolution
		{A1E048EB-EC04-4497-A904-116829DD9B34}.Debug|Any CPU.ActiveCfg = Debug|Any CPU
		{A1E048EB-EC04-4497-A904-116829DD9B34}.Debug|Any CPU.Build.0 = Debug|Any CPU
		{A1E048EB-EC04-4497-A904-116829DD9B34}.Release|Any CPU.ActiveCfg = Release|Any CPU
		{A1E048EB-EC04-4497-A904-116829DD9B34}.Release|Any CPU.Build.0 = Release|Any CPU
	EndGlobalSection
	GlobalSection(SolutionProperties) = preSolution
		HideSolutionNode = FALSE
	EndGlobalSection
	GlobalSection(ExtensibilityGlobals) = postSolution
		SolutionGuid = {ACBCA8EF-B236-4FBF-A1F8-A480AE724A57}
	EndGlobalSection
EndGlobal
